github.com/gorilla/mux v1.8.0 h1:i40aqfkR1h2SlN9hojwV5ZA91wcXFOvkdNIeFDP5koI=
github.com/gorilla/mux v1.8.0/go.mod h1:DVbg23sWSpFRCP0SfiEN6jmj59UnW/n46BH5rLB71So=
github.com/sqids/sqids-go v0.2.0 h1:z3DJmmI13PapH4zraaGEI1B6B3nBDGxP3PsEcmj5uXg=
github.com/sqids/sqids-go v0.2.0/go.mod h1:EMwHuPQgSNFS0A49jESTfIQS+066XQTVhukrzEPScl8=
go.uber.org/mock v0.2.0 h1:TaP3xedm7JaAgScZO7tlvlKrqT0p7I6OsdGB5YNSMDU=
go.uber.org/mock v0.2.0/go.mod h1:J0y0rp9L3xiff1+ZBfKxlC1fz2+aO16tw0tsDOixfuM=
